
Microsoft Visual Studio Solution File, Format Version 12.00
# Visual Studio 14
VisualStudioVersion = 14.0.24720.0
MinimumVisualStudioVersion = 10.0.40219.1
Project("{FAE04EC0-301F-11D3-BF4B-00C04F79EFBC}") = "1_NewCommand", "Commands\1_NewCommand.csproj", "{4F83DE65-BADF-4833-88E2-E0AD7C425AE3}"
EndProject
Project("{FAE04EC0-301F-11D3-BF4B-00C04F79EFBC}") = "2_CutAndPaste", "CutAndPaste\2_CutAndPaste.csproj", "{EF5D5D5C-34FF-4B17-923E-4764D60D7B53}"
EndProject
Project("{FAE04EC0-301F-11D3-BF4B-00C04F79EFBC}") = "3_CustomCommand", "CreateCustomCommand\3_CustomCommand.csproj", "{E8488485-A581-4682-9492-599D7E55E2AF}"
EndProject
Global
	GlobalSection(SolutionConfigurationPlatforms) = preSolution
		Debug|Any CPU = Debug|Any CPU
		Release|Any CPU = Release|Any CPU
	EndGlobalSection
	GlobalSection(ProjectConfigurationPlatforms) = postSolution
		{4F83DE65-BADF-4833-88E2-E0AD7C425AE3}.Debug|Any CPU.ActiveCfg = Debug|Any CPU
		{4F83DE65-BADF-4833-88E2-E0AD7C425AE3}.Debug|Any CPU.Build.0 = Debug|Any CPU
		{4F83DE65-BADF-4833-88E2-E0AD7C425AE3}.Release|Any CPU.ActiveCfg = Release|Any CPU
		{4F83DE65-BADF-4833-88E2-E0AD7C425AE3}.Release|Any CPU.Build.0 = Release|Any CPU
		{EF5D5D5C-34FF-4B17-923E-4764D60D7B53}.Debug|Any CPU.ActiveCfg = Debug|Any CPU
		{EF5D5D5C-34FF-4B17-923E-4764D60D7B53}.Debug|Any CPU.Build.0 = Debug|Any CPU
		{EF5D5D5C-34FF-4B17-923E-4764D60D7B53}.Release|Any CPU.ActiveCfg = Release|Any CPU
		{EF5D5D5C-34FF-4B17-923E-4764D60D7B53}.Release|Any CPU.Build.0 = Release|Any CPU
		{E8488485-A581-4682-9492-599D7E55E2AF}.Debug|Any CPU.ActiveCfg = Debug|Any CPU
		{E8488485-A581-4682-9492-599D7E55E2AF}.Debug|Any CPU.Build.0 = Debug|Any CPU
		{E8488485-A581-4682-9492-599D7E55E2AF}.Release|Any CPU.ActiveCfg = Release|Any CPU
		{E8488485-A581-4682-9492-599D7E55E2AF}.Release|Any CPU.Build.0 = Release|Any CPU
	EndGlobalSection
	GlobalSection(SolutionProperties) = preSolution
		HideSolutionNode = FALSE
	EndGlobalSection
EndGlobal
